
Microsoft Visual Studio Solution File, Format Version 12.00
# Visual Studio 14
VisualStudioVersion = 14.0.23107.0
MinimumVisualStudioVersion = 10.0.40219.1
Project("{FAE04EC0-301F-11D3-BF4B-00C04F79EFBC}") = "Client", "Client\Client.csproj", "{730C664C-EEC4-4AD8-84BB-9FBA2CAE22CC}"
EndProject
Global
	GlobalSection(SolutionConfigurationPlatforms) = preSolution
		Debug|Any CPU = Debug|Any CPU
		Release|Any CPU = Release|Any CPU
	EndGlobalSection
	GlobalSection(ProjectConfigurationPlatforms) = postSolution
		{730C664C-EEC4-4AD8-84BB-9FBA2CAE22CC}.Debug|Any CPU.ActiveCfg = Debug|Any CPU
		{730C664C-EEC4-4AD8-84BB-9FBA2CAE22CC}.Debug|Any CPU.Build.0 = Debug|Any CPU
		{730C664C-EEC4-4AD8-84BB-9FBA2CAE22CC}.Release|Any CPU.ActiveCfg = Release|Any CPU
		{730C664C-EEC4-4AD8-84BB-9FBA2CAE22CC}.Release|Any CPU.Build.0 = Release|Any CPU
	EndGlobalSection
	GlobalSection(SolutionProperties) = preSolution
		HideSolutionNode = FALSE
	EndGlobalSection
EndGlobal
